// !$*UTF8*$!
{
	archiveVersion = 1;
	classes = {
	};
	objectVersion = 46;
	objects = {

/* Begin PBXBuildFile section */
		B925D5611F6F69B200A3948A /* main.m in Sources */ = {isa = PBXBuildFile; fileRef = B925D5601F6F69B200A3948A /* main.m */; };
		B925D5641F6F69B200A3948A /* AppDelegate.m in Sources */ = {isa = PBXBuildFile; fileRef = B925D5631F6F69B200A3948A /* AppDelegate.m */; };
		B925D5671F6F69B200A3948A /* ViewController.m in Sources */ = {isa = PBXBuildFile; fileRef = B925D5661F6F69B200A3948A /* ViewController.m */; };
		B925D56A1F6F69B200A3948A /* Main.storyboard in Resources */ = {isa = PBXBuildFile; fileRef = B925D5681F6F69B200A3948A /* Main.storyboard */; };
		B925D56C1F6F69B200A3948A /* Assets.xcassets in Resources */ = {isa = PBXBuildFile; fileRef = B925D56B1F6F69B200A3948A /* Assets.xcassets */; };
		B925D56F1F6F69B200A3948A /* LaunchScreen.storyboard in Resources */ = {isa = PBXBuildFile; fileRef = B925D56D1F6F69B200A3948A /* LaunchScreen.storyboard */; };
		B925D57A1F6F69B200A3948A /* _____Tests.m in Sources */ = {isa = PBXBuildFile; fileRef = B925D5791F6F69B200A3948A /* _____Tests.m */; };
		B925D5851F6F69B200A3948A /* _____UITests.m in Sources */ = {isa = PBXBuildFile; fileRef = B925D5841F6F69B200A3948A /* _____UITests.m */; };
		B925D5971F6F6A7000A3948A /* UILabel+MyLable.m in Sources */ = {isa = PBXBuildFile; fileRef = B925D5961F6F6A7000A3948A /* UILabel+MyLable.m */; };
		B925D59A1F6F6A8F00A3948A /* HggProduct.m in Sources */ = {isa = PBXBuildFile; fileRef = B925D5991F6F6A8F00A3948A /* HggProduct.m */; };
		B925D59D1F6F6ACE00A3948A /* HggProductTableViewCell.m in Sources */ = {isa = PBXBuildFile; fileRef = B925D59C1F6F6ACE00A3948A /* HggProductTableViewCell.m */; };
/* End PBXBuildFile section */

/* Begin PBXContainerItemProxy section */
		B925D5761F6F69B200A3948A /* PBXContainerItemProxy */ = {
			isa = PBXContainerItemProxy;
			containerPortal = B925D5541F6F69B100A3948A /* Project object */;
			proxyType = 1;
			remoteGlobalIDString = B925D55B1F6F69B200A3948A;
			remoteInfo = "全选和单选";
		};
		B925D5811F6F69B200A3948A /* PBXContainerItemProxy */ = {
			isa = PBXContainerItemProxy;
			containerPortal = B925D5541F6F69B100A3948A /* Project object */;
			proxyType = 1;
			remoteGlobalIDString = B925D55B1F6F69B200A3948A;
			remoteInfo = "全选和单选";
		};
/* End PBXContainerItemProxy section */

/* Begin PBXFileReference section */
		B925D55C1F6F69B200A3948A /* 全选和单选.app */ = {isa = PBXFileReference; explicitFileType = wrapper.application; includeInIndex = 0; path = "全选和单选.app"; sourceTree = BUILT_PRODUCTS_DIR; };
		B925D5601F6F69B200A3948A /* main.m */ = {isa = PBXFileReference; lastKnownFileType = sourcecode.c.objc; path = main.m; sourceTree = "<group>"; };
		B925D5621F6F69B200A3948A /* AppDelegate.h */ = {isa = PBXFileReference; lastKnownFileType = sourcecode.c.h; path = AppDelegate.h; sourceTree = "<group>"; };
		B925D5631F6F69B200A3948A /* AppDelegate.m */ = {isa = PBXFileReference; lastKnownFileType = sourcecode.c.objc; path = AppDelegate.m; sourceTree = "<group>"; };
		B925D5651F6F69B200A3948A /* ViewController.h */ = {isa = PBXFileReference; lastKnownFileType = sourcecode.c.h; path = ViewController.h; sourceTree = "<group>"; };
		B925D5661F6F69B200A3948A /* ViewController.m */ = {isa = PBXFileReference; lastKnownFileType = sourcecode.c.objc; path = ViewController.m; sourceTree = "<group>"; };
		B925D5691F6F69B200A3948A /* Base */ = {isa = PBXFileReference; lastKnownFileType = file.storyboard; name = Base; path = Base.lproj/Main.storyboard; sourceTree = "<group>"; };
		B925D56B1F6F69B200A3948A /* Assets.xcassets */ = {isa = PBXFileReference; lastKnownFileType = folder.assetcatalog; path = Assets.xcassets; sourceTree = "<group>"; };
		B925D56E1F6F69B200A3948A /* Base */ = {isa = PBXFileReference; lastKnownFileType = file.storyboard; name = Base; path = Base.lproj/LaunchScreen.storyboard; sourceTree = "<group>"; };
		B925D5701F6F69B200A3948A /* Info.plist */ = {isa = PBXFileReference; lastKnownFileType = text.plist.xml; path = Info.plist; sourceTree = "<group>"; };
		B925D5751F6F69B200A3948A /* 全选和单选Tests.xctest */ = {isa = PBXFileReference; explicitFileType = wrapper.cfbundle; includeInIndex = 0; path = "全选和单选Tests.xctest"; sourceTree = BUILT_PRODUCTS_DIR; };
		B925D5791F6F69B200A3948A /* _____Tests.m */ = {isa = PBXFileReference; lastKnownFileType = sourcecode.c.objc; path = "_____Tests.m"; sourceTree = "<group>"; };
		B925D57B1F6F69B200A3948A /* Info.plist */ = {isa = PBXFileReference; lastKnownFileType = text.plist.xml; path = Info.plist; sourceTree = "<group>"; };
		B925D5801F6F69B200A3948A /* 全选和单选UITests.xctest */ = {isa = PBXFileReference; explicitFileType = wrapper.cfbundle; includeInIndex = 0; path = "全选和单选UITests.xctest"; sourceTree = BUILT_PRODUCTS_DIR; };
		B925D5841F6F69B200A3948A /* _____UITests.m */ = {isa = PBXFileReference; lastKnownFileType = sourcecode.c.objc; path = "_____UITests.m"; sourceTree = "<group>"; };
		B925D5861F6F69B200A3948A /* Info.plist */ = {isa = PBXFileReference; lastKnownFileType = text.plist.xml; path = Info.plist; sourceTree = "<group>"; };
		B925D5951F6F6A6900A3948A /* UILabel+MyLable.h */ = {isa = PBXFileReference; fileEncoding = 4; lastKnownFileType = sourcecode.c.h; path = "UILabel+MyLable.h"; sourceTree = "<group>"; };
		B925D5961F6F6A7000A3948A /* UILabel+MyLable.m */ = {isa = PBXFileReference; fileEncoding = 4; lastKnownFileType = sourcecode.c.objc; path = "UILabel+MyLable.m"; sourceTree = "<group>"; };
		B925D5981F6F6A8F00A3948A /* HggProduct.h */ = {isa = PBXFileReference; fileEncoding = 4; lastKnownFileType = sourcecode.c.h; path = HggProduct.h; sourceTree = "<group>"; };
		B925D5991F6F6A8F00A3948A /* HggProduct.m */ = {isa = PBXFileReference; fileEncoding = 4; lastKnownFileType = sourcecode.c.objc; path = HggProduct.m; sourceTree = "<group>"; };
		B925D59B1F6F6ACE00A3948A /* HggProductTableViewCell.h */ = {isa = PBXFileReference; fileEncoding = 4; lastKnownFileType = sourcecode.c.h; path = HggProductTableViewCell.h; sourceTree = "<group>"; };
		B925D59C1F6F6ACE00A3948A /* HggProductTableViewCell.m */ = {isa = PBXFileReference; fileEncoding = 4; lastKnownFileType = sourcecode.c.objc; path = HggProductTableViewCell.m; sourceTree = "<group>"; };
/* End PBXFileReference section */

/* Begin PBXFrameworksBuildPhase section */
		B925D5591F6F69B200A3948A /* Frameworks */ = {
			isa = PBXFrameworksBuildPhase;
			buildActionMask = 2147483647;
			files = (
			);
			runOnlyForDeploymentPostprocessing = 0;
		};
		B925D5721F6F69B200A3948A /* Frameworks */ = {
			isa = PBXFrameworksBuildPhase;
			buildActionMask = 2147483647;
			files = (
			);
			runOnlyForDeploymentPostprocessing = 0;
		};
		B925D57D1F6F69B200A3948A /* Frameworks */ = {
			isa = PBXFrameworksBuildPhase;
			buildActionMask = 2147483647;
			files = (
			);
			runOnlyForDeploymentPostprocessing = 0;
		};
/* End PBXFrameworksBuildPhase section */

/* Begin PBXGroup section */
		B925D5531F6F69B100A3948A = {
			isa = PBXGroup;
			children = (
				B925D55E1F6F69B200A3948A /* 全选和单选 */,
				B925D5781F6F69B200A3948A /* 全选和单选Tests */,
				B925D5831F6F69B200A3948A /* 全选和单选UITests */,
				B925D55D1F6F69B200A3948A /* Products */,
			);
			sourceTree = "<group>";
		};
		B925D55D1F6F69B200A3948A /* Products */ = {
			isa = PBXGroup;
			children = (
				B925D55C1F6F69B200A3948A /* 全选和单选.app */,
				B925D5751F6F69B200A3948A /* 全选和单选Tests.xctest */,
				B925D5801F6F69B200A3948A /* 全选和单选UITests.xctest */,
			);
			name = Products;
			sourceTree = "<group>";
		};
		B925D55E1F6F69B200A3948A /* 全选和单选 */ = {
			isa = PBXGroup;
			children = (
				B925D5941F6F6A5F00A3948A /* view */,
				B925D5931F6F6A5300A3948A /* Model */,
				B925D5921F6F6A4D00A3948A /* cell */,
				B925D5621F6F69B200A3948A /* AppDelegate.h */,
				B925D5631F6F69B200A3948A /* AppDelegate.m */,
				B925D5651F6F69B200A3948A /* ViewController.h */,
				B925D5661F6F69B200A3948A /* ViewController.m */,
				B925D5681F6F69B200A3948A /* Main.storyboard */,
				B925D56B1F6F69B200A3948A /* Assets.xcassets */,
				B925D56D1F6F69B200A3948A /* LaunchScreen.storyboard */,
				B925D5701F6F69B200A3948A /* Info.plist */,
				B925D55F1F6F69B200A3948A /* Supporting Files */,
			);
			path = "全选和单选";
			sourceTree = "<group>";
		};
		B925D55F1F6F69B200A3948A /* Supporting Files */ = {
			isa = PBXGroup;
			children = (
				B925D5601F6F69B200A3948A /* main.m */,
			);
			name = "Supporting Files";
			sourceTree = "<group>";
		};
		B925D5781F6F69B200A3948A /* 全选和单选Tests */ = {
			isa = PBXGroup;
			children = (
				B925D5791F6F69B200A3948A /* _____Tests.m */,
				B925D57B1F6F69B200A3948A /* Info.plist */,
			);
			path = "全选和单选Tests";
			sourceTree = "<group>";
		};
		B925D5831F6F69B200A3948A /* 全选和单选UITests */ = {
			isa = PBXGroup;
			children = (
				B925D5841F6F69B200A3948A /* _____UITests.m */,
				B925D5861F6F69B200A3948A /* Info.plist */,
			);
			path = "全选和单选UITests";
			sourceTree = "<group>";
		};
		B925D5921F6F6A4D00A3948A /* cell */ = {
			isa = PBXGroup;
			children = (
				B925D59B1F6F6ACE00A3948A /* HggProductTableViewCell.h */,
				B925D59C1F6F6ACE00A3948A /* HggProductTableViewCell.m */,
			);
			name = cell;
			sourceTree = "<group>";
		};
		B925D5931F6F6A5300A3948A /* Model */ = {
			isa = PBXGroup;
			children = (
				B925D5981F6F6A8F00A3948A /* HggProduct.h */,
				B925D5991F6F6A8F00A3948A /* HggProduct.m */,
			);
			name = Model;
			sourceTree = "<group>";
		};
		B925D5941F6F6A5F00A3948A /* view */ = {
			isa = PBXGroup;
			children = (
				B925D5951F6F6A6900A3948A /* UILabel+MyLable.h */,
				B925D5961F6F6A7000A3948A /* UILabel+MyLable.m */,
			);
			name = view;
			sourceTree = "<group>";
		};
/* End PBXGroup section */

/* Begin PBXNativeTarget section */
		B925D55B1F6F69B200A3948A /* 全选和单选 */ = {
			isa = PBXNativeTarget;
			buildConfigurationList = B925D5891F6F69B200A3948A /* Build configuration list for PBXNativeTarget "全选和单选" */;
			buildPhases = (
				B925D5581F6F69B200A3948A /* Sources */,
				B925D5591F6F69B200A3948A /* Frameworks */,
				B925D55A1F6F69B200A3948A /* Resources */,
			);
			buildRules = (
			);
			dependencies = (
			);
			name = "全选和单选";
			productName = "全选和单选";
			productReference = B925D55C1F6F69B200A3948A /* 全选和单选.app */;
			productType = "com.apple.product-type.application";
		};
		B925D5741F6F69B200A3948A /* 全选和单选Tests */ = {
			isa = PBXNativeTarget;
			buildConfigurationList = B925D58C1F6F69B200A3948A /* Build configuration list for PBXNativeTarget "全选和单选Tests" */;
			buildPhases = (
				B925D5711F6F69B200A3948A /* Sources */,
				B925D5721F6F69B200A3948A /* Frameworks */,
				B925D5731F6F69B200A3948A /* Resources */,
			);
			buildRules = (
			);
			dependencies = (
				B925D5771F6F69B200A3948A /* PBXTargetDependency */,
			);
			name = "全选和单选Tests";
			productName = "全选和单选Tests";
			productReference = B925D5751F6F69B200A3948A /* 全选和单选Tests.xctest */;
			productType = "com.apple.product-type.bundle.unit-test";
		};
		B925D57F1F6F69B200A3948A /* 全选和单选UITests */ = {
			isa = PBXNativeTarget;
			buildConfigurationList = B925D58F1F6F69B200A3948A /* Build configuration list for PBXNativeTarget "全选和单选UITests" */;
			buildPhases = (
				B925D57C1F6F69B200A3948A /* Sources */,
				B925D57D1F6F69B200A3948A /* Frameworks */,
				B925D57E1F6F69B200A3948A /* Resources */,
			);
			buildRules = (
			);
			dependencies = (
				B925D5821F6F69B200A3948A /* PBXTargetDependency */,
			);
			name = "全选和单选UITests";
			productName = "全选和单选UITests";
			productReference = B925D5801F6F69B200A3948A /* 全选和单选UITests.xctest */;
			productType = "com.apple.product-type.bundle.ui-testing";
		};
/* End PBXNativeTarget section */

/* Begin PBXProject section */
		B925D5541F6F69B100A3948A /* Project object */ = {
			isa = PBXProject;
			attributes = {
				LastUpgradeCheck = 0820;
				ORGANIZATIONNAME = jinshuaier;
				TargetAttributes = {
					B925D55B1F6F69B200A3948A = {
						CreatedOnToolsVersion = 8.2.1;
						ProvisioningStyle = Automatic;
					};
					B925D5741F6F69B200A3948A = {
						CreatedOnToolsVersion = 8.2.1;
						ProvisioningStyle = Automatic;
						TestTargetID = B925D55B1F6F69B200A3948A;
					};
					B925D57F1F6F69B200A3948A = {
						CreatedOnToolsVersion = 8.2.1;
						ProvisioningStyle = Automatic;
						TestTargetID = B925D55B1F6F69B200A3948A;
					};
				};
			};
			buildConfigurationList = B925D5571F6F69B100A3948A /* Build configuration list for PBXProject "全选和单选" */;
			compatibilityVersion = "Xcode 3.2";
			developmentRegion = English;
			hasScannedForEncodings = 0;
			knownRegions = (
				en,
				Base,
			);
			mainGroup = B925D5531F6F69B100A3948A;
			productRefGroup = B925D55D1F6F69B200A3948A /* Products */;
			projectDirPath = "";
			projectRoot = "";
			targets = (
				B925D55B1F6F69B200A3948A /* 全选和单选 */,
				B925D5741F6F69B200A3948A /* 全选和单选Tests */,
				B925D57F1F6F69B200A3948A /* 全选和单选UITests */,
			);
		};
/* End PBXProject section */

/* Begin PBXResourcesBuildPhase section */
		B925D55A1F6F69B200A3948A /* Resources */ = {
			isa = PBXResourcesBuildPhase;
			buildActionMask = 2147483647;
			files = (
				B925D56F1F6F69B200A3948A /* LaunchScreen.storyboard in Resources */,
				B925D56C1F6F69B200A3948A /* Assets.xcassets in Resources */,
				B925D56A1F6F69B200A3948A /* Main.storyboard in Resources */,
			);
			runOnlyForDeploymentPostprocessing = 0;
		};
		B925D5731F6F69B200A3948A /* Resources */ = {
			isa = PBXResourcesBuildPhase;
			buildActionMask = 2147483647;
			files = (
			);
			runOnlyForDeploymentPostprocessing = 0;
		};
		B925D57E1F6F69B200A3948A /* Resources */ = {
			isa = PBXResourcesBuildPhase;
			buildActionMask = 2147483647;
			files = (
			);
			runOnlyForDeploymentPostprocessing = 0;
		};
/* End PBXResourcesBuildPhase section */

/* Begin PBXSourcesBuildPhase section */
		B925D5581F6F69B200A3948A /* Sources */ = {
			isa = PBXSourcesBuildPhase;
			buildActionMask = 2147483647;
			files = (
				B925D59A1F6F6A8F00A3948A /* HggProduct.m in Sources */,
				B925D5671F6F69B200A3948A /* ViewController.m in Sources */,
				B925D59D1F6F6ACE00A3948A /* HggProductTableViewCell.m in Sources */,
				B925D5641F6F69B200A3948A /* AppDelegate.m in Sources */,
				B925D5611F6F69B200A3948A /* main.m in Sources */,
				B925D5971F6F6A7000A3948A /* UILabel+MyLable.m in Sources */,
			);
			runOnlyForDeploymentPostprocessing = 0;
		};
		B925D5711F6F69B200A3948A /* Sources */ = {
			isa = PBXSourcesBuildPhase;
			buildActionMask = 2147483647;
			files = (
				B925D57A1F6F69B200A3948A /* _____Tests.m in Sources */,
			);
			runOnlyForDeploymentPostprocessing = 0;
		};
		B925D57C1F6F69B200A3948A /* Sources */ = {
			isa = PBXSourcesBuildPhase;
			buildActionMask = 2147483647;
			files = (
				B925D5851F6F69B200A3948A /* _____UITests.m in Sources */,
			);
			runOnlyForDeploymentPostprocessing = 0;
		};
/* End PBXSourcesBuildPhase section */

/* Begin PBXTargetDependency section */
		B925D5771F6F69B200A3948A /* PBXTargetDependency */ = {
			isa = PBXTargetDependency;
			target = B925D55B1F6F69B200A3948A /* 全选和单选 */;
			targetProxy = B925D5761F6F69B200A3948A /* PBXContainerItemProxy */;
		};
		B925D5821F6F69B200A3948A /* PBXTargetDependency */ = {
			isa = PBXTargetDependency;
			target = B925D55B1F6F69B200A3948A /* 全选和单选 */;
			targetProxy = B925D5811F6F69B200A3948A /* PBXContainerItemProxy */;
		};
/* End PBXTargetDependency section */

/* Begin PBXVariantGroup section */
		B925D5681F6F69B200A3948A /* Main.storyboard */ = {
			isa = PBXVariantGroup;
			children = (
				B925D5691F6F69B200A3948A /* Base */,
			);
			name = Main.storyboard;
			sourceTree = "<group>";
		};
		B925D56D1F6F69B200A3948A /* LaunchScreen.storyboard */ = {
			isa = PBXVariantGroup;
			children = (
				B925D56E1F6F69B200A3948A /* Base */,
			);
			name = LaunchScreen.storyboard;
			sourceTree = "<group>";
		};
/* End PBXVariantGroup section */

/* Begin XCBuildConfiguration section */
		B925D5871F6F69B200A3948A /* Debug */ = {
			isa = XCBuildConfiguration;
			buildSettings = {
				ALWAYS_SEARCH_USER_PATHS = NO;
				CLANG_ANALYZER_NONNULL = YES;
				CLANG_CXX_LANGUAGE_STANDARD = "gnu++0x";
				CLANG_CXX_LIBRARY = "libc++";
				CLANG_ENABLE_MODULES = YES;
				CLANG_ENABLE_OBJC_ARC = YES;
				CLANG_WARN_BOOL_CONVERSION = YES;
				CLANG_WARN_CONSTANT_CONVERSION = YES;
				CLANG_WARN_DIRECT_OBJC_ISA_USAGE = YES_ERROR;
				CLANG_WARN_DOCUMENTATION_COMMENTS = YES;
				CLANG_WARN_EMPTY_BODY = YES;
				CLANG_WARN_ENUM_CONVERSION = YES;
				CLANG_WARN_INFINITE_RECURSION = YES;
				CLANG_WARN_INT_CONVERSION = YES;
				CLANG_WARN_OBJC_ROOT_CLASS = YES_ERROR;
				CLANG_WARN_SUSPICIOUS_MOVE = YES;
				CLANG_WARN_UNREACHABLE_CODE = YES;
				CLANG_WARN__DUPLICATE_METHOD_MATCH = YES;
				"CODE_SIGN_IDENTITY[sdk=iphoneos*]" = "iPhone Developer";
				COPY_PHASE_STRIP = NO;
				DEBUG_INFORMATION_FORMAT = dwarf;
				ENABLE_STRICT_OBJC_MSGSEND = YES;
				ENABLE_TESTABILITY = YES;
				GCC_C_LANGUAGE_STANDARD = gnu99;
				GCC_DYNAMIC_NO_PIC = NO;
				GCC_NO_COMMON_BLOCKS = YES;
				GCC_OPTIMIZATION_LEVEL = 0;
				GCC_PREPROCESSOR_DEFINITIONS = (
					"DEBUG=1",
					"$(inherited)",
				);
				GCC_WARN_64_TO_32_BIT_CONVERSION = YES;
				GCC_WARN_ABOUT_RETURN_TYPE = YES_ERROR;
				GCC_WARN_UNDECLARED_SELECTOR = YES;
				GCC_WARN_UNINITIALIZED_AUTOS = YES_AGGRESSIVE;
				GCC_WARN_UNUSED_FUNCTION = YES;
				GCC_WARN_UNUSED_VARIABLE = YES;
				IPHONEOS_DEPLOYMENT_TARGET = 10.2;
				MTL_ENABLE_DEBUG_INFO = YES;
				ONLY_ACTIVE_ARCH = YES;
				SDKROOT = iphoneos;
				TARGETED_DEVICE_FAMILY = "1,2";
			};
			name = Debug;
		};
		B925D5881F6F69B200A3948A /* Release */ = {
			isa = XCBuildConfiguration;
			buildSettings = {
				ALWAYS_SEARCH_USER_PATHS = NO;
				CLANG_ANALYZER_NONNULL = YES;
				CLANG_CXX_LANGUAGE_STANDARD = "gnu++0x";
				CLANG_CXX_LIBRARY = "libc++";
				CLANG_ENABLE_MODULES = YES;
				CLANG_ENABLE_OBJC_ARC = YES;
				CLANG_WARN_BOOL_CONVERSION = YES;
				CLANG_WARN_CONSTANT_CONVERSION = YES;
				CLANG_WARN_DIRECT_OBJC_ISA_USAGE = YES_ERROR;
				CLANG_WARN_DOCUMENTATION_COMMENTS = YES;
				CLANG_WARN_EMPTY_BODY = YES;
				CLANG_WARN_ENUM_CONVERSION = YES;
				CLANG_WARN_INFINITE_RECURSION = YES;
				CLANG_WARN_INT_CONVERSION = YES;
				CLANG_WARN_OBJC_ROOT_CLASS = YES_ERROR;
				CLANG_WARN_SUSPICIOUS_MOVE = YES;
				CLANG_WARN_UNREACHABLE_CODE = YES;
				CLANG_WARN__DUPLICATE_METHOD_MATCH = YES;
				"CODE_SIGN_IDENTITY[sdk=iphoneos*]" = "iPhone Developer";
				COPY_PHASE_STRIP = NO;
				DEBUG_INFORMATION_FORMAT = "dwarf-with-dsym";
				ENABLE_NS_ASSERTIONS = NO;
				ENABLE_STRICT_OBJC_MSGSEND = YES;
				GCC_C_LANGUAGE_STANDARD = gnu99;
				GCC_NO_COMMON_BLOCKS = YES;
				GCC_WARN_64_TO_32_BIT_CONVERSION = YES;
				GCC_WARN_ABOUT_RETURN_TYPE = YES_ERROR;
				GCC_WARN_UNDECLARED_SELECTOR = YES;
				GCC_WARN_UNINITIALIZED_AUTOS = YES_AGGRESSIVE;
				GCC_WARN_UNUSED_FUNCTION = YES;
				GCC_WARN_UNUSED_VARIABLE = YES;
				IPHONEOS_DEPLOYMENT_TARGET = 10.2;
				MTL_ENABLE_DEBUG_INFO = NO;
				SDKROOT = iphoneos;
				TARGETED_DEVICE_FAMILY = "1,2";
				VALIDATE_PRODUCT = YES;
			};
			name = Release;
		};
		B925D58A1F6F69B200A3948A /* Debug */ = {
			isa = XCBuildConfiguration;
			buildSettings = {
				ASSETCATALOG_COMPILER_APPICON_NAME = AppIcon;
				INFOPLIST_FILE = "全选和单选/Info.plist";
				LD_RUNPATH_SEARCH_PATHS = "$(inherited) @executable_path/Frameworks";
				PRODUCT_BUNDLE_IDENTIFIER = "hgg.-----";
				PRODUCT_NAME = "$(TARGET_NAME)";
			};
			name = Debug;
		};
		B925D58B1F6F69B200A3948A /* Release */ = {
			isa = XCBuildConfiguration;
			buildSettings = {
				ASSETCATALOG_COMPILER_APPICON_NAME = AppIcon;
				INFOPLIST_FILE = "全选和单选/Info.plist";
				LD_RUNPATH_SEARCH_PATHS = "$(inherited) @executable_path/Frameworks";
				PRODUCT_BUNDLE_IDENTIFIER = "hgg.-----";
				PRODUCT_NAME = "$(TARGET_NAME)";
			};
			name = Release;
		};
		B925D58D1F6F69B200A3948A /* Debug */ = {
			isa = XCBuildConfiguration;
			buildSettings = {
				BUNDLE_LOADER = "$(TEST_HOST)";
				INFOPLIST_FILE = "全选和单选Tests/Info.plist";
				LD_RUNPATH_SEARCH_PATHS = "$(inherited) @executable_path/Frameworks @loader_path/Frameworks";
				PRODUCT_BUNDLE_IDENTIFIER = "hgg.-----Tests";
				PRODUCT_NAME = "$(TARGET_NAME)";
				TEST_HOST = "$(BUILT_PRODUCTS_DIR)/全选和单选.app/全选和单选";
			};
			name = Debug;
		};
		B925D58E1F6F69B200A3948A /* Release */ = {
			isa = XCBuildConfiguration;
			buildSettings = {
				BUNDLE_LOADER = "$(TEST_HOST)";
				INFOPLIST_FILE = "全选和单选Tests/Info.plist";
				LD_RUNPATH_SEARCH_PATHS = "$(inherited) @executable_path/Frameworks @loader_path/Frameworks";
				PRODUCT_BUNDLE_IDENTIFIER = "hgg.-----Tests";
				PRODUCT_NAME = "$(TARGET_NAME)";
				TEST_HOST = "$(BUILT_PRODUCTS_DIR)/全选和单选.app/全选和单选";
			};
			name = Release;
		};
		B925D5901F6F69B200A3948A /* Debug */ = {
			isa = XCBuildConfiguration;
			buildSettings = {
				INFOPLIST_FILE = "全选和单选UITests/Info.plist";
				LD_RUNPATH_SEARCH_PATHS = "$(inherited) @executable_path/Frameworks @loader_path/Frameworks";
				PRODUCT_BUNDLE_IDENTIFIER = "hgg.-----UITests";
				PRODUCT_NAME = "$(TARGET_NAME)";
				TEST_TARGET_NAME = "全选和单选";
			};
			name = Debug;
		};
		B925D5911F6F69B200A3948A /* Release */ = {
			isa = XCBuildConfiguration;
			buildSettings = {
				INFOPLIST_FILE = "全选和单选UITests/Info.plist";
				LD_RUNPATH_SEARCH_PATHS = "$(inherited) @executable_path/Frameworks @loader_path/Frameworks";
				PRODUCT_BUNDLE_IDENTIFIER = "hgg.-----UITests";
				PRODUCT_NAME = "$(TARGET_NAME)";
				TEST_TARGET_NAME = "全选和单选";
			};
			name = Release;
		};
/* End XCBuildConfiguration section */

/* Begin XCConfigurationList section */
		B925D5571F6F69B100A3948A /* Build configuration list for PBXProject "全选和单选" */ = {
			isa = XCConfigurationList;
			buildConfigurations = (
				B925D5871F6F69B200A3948A /* Debug */,
				B925D5881F6F69B200A3948A /* Release */,
			);
			defaultConfigurationIsVisible = 0;
			defaultConfigurationName = Release;
		};
		B925D5891F6F69B200A3948A /* Build configuration list for PBXNativeTarget "全选和单选" */ = {
			isa = XCConfigurationList;
			buildConfigurations = (
				B925D58A1F6F69B200A3948A /* Debug */,
				B925D58B1F6F69B200A3948A /* Release */,
			);
			defaultConfigurationIsVisible = 0;
		};
		B925D58C1F6F69B200A3948A /* Build configuration list for PBXNativeTarget "全选和单选Tests" */ = {
			isa = XCConfigurationList;
			buildConfigurations = (
				B925D58D1F6F69B200A3948A /* Debug */,
				B925D58E1F6F69B200A3948A /* Release */,
			);
			defaultConfigurationIsVisible = 0;
		};
		B925D58F1F6F69B200A3948A /* Build configuration list for PBXNativeTarget "全选和单选UITests" */ = {
			isa = XCConfigurationList;
			buildConfigurations = (
				B925D5901F6F69B200A3948A /* Debug */,
				B925D5911F6F69B200A3948A /* Release */,
			);
			defaultConfigurationIsVisible = 0;
		};
/* End XCConfigurationList section */
	};
	rootObject = B925D5541F6F69B100A3948A /* Project object */;
}
